
Microsoft Visual Studio Solution File, Format Version 12.00
# Visual Studio Version 17
VisualStudioVersion = 17.9.34723.18
MinimumVisualStudioVersion = 10.0.40219.1
Project("{9A19103F-16F7-4668-BE54-9A1E7A4F7556}") = "DependencyInversion", "DependencyInversion\DependencyInversion.csproj", "{539302CC-C920-4EDD-A887-E3C1D6C99B54}"
EndProject
Project("{FAE04EC0-301F-11D3-BF4B-00C04F79EFBC}") = "DemoLibrary", "DemoLibrary\DemoLibrary.csproj", "{4806DBC2-C425-4B25-A7AD-B4B1622CEBC6}"
EndProject
Global
	GlobalSection(SolutionConfigurationPlatforms) = preSolution
		Debug|Any CPU = Debug|Any CPU
		Release|Any CPU = Release|Any CPU
	EndGlobalSection
	GlobalSection(ProjectConfigurationPlatforms) = postSolution
		{539302CC-C920-4EDD-A887-E3C1D6C99B54}.Debug|Any CPU.ActiveCfg = Debug|Any CPU
		{539302CC-C920-4EDD-A887-E3C1D6C99B54}.Debug|Any CPU.Build.0 = Debug|Any CPU
		{539302CC-C920-4EDD-A887-E3C1D6C99B54}.Release|Any CPU.ActiveCfg = Release|Any CPU
		{539302CC-C920-4EDD-A887-E3C1D6C99B54}.Release|Any CPU.Build.0 = Release|Any CPU
		{4806DBC2-C425-4B25-A7AD-B4B1622CEBC6}.Debug|Any CPU.ActiveCfg = Debug|Any CPU
		{4806DBC2-C425-4B25-A7AD-B4B1622CEBC6}.Debug|Any CPU.Build.0 = Debug|Any CPU
		{4806DBC2-C425-4B25-A7AD-B4B1622CEBC6}.Release|Any CPU.ActiveCfg = Release|Any CPU
		{4806DBC2-C425-4B25-A7AD-B4B1622CEBC6}.Release|Any CPU.Build.0 = Release|Any CPU
	EndGlobalSection
	GlobalSection(SolutionProperties) = preSolution
		HideSolutionNode = FALSE
	EndGlobalSection
	GlobalSection(ExtensibilityGlobals) = postSolution
		SolutionGuid = {08B25949-AEE2-40C2-BDDE-B2514BFBA5FD}
	EndGlobalSection
EndGlobal
